
Microsoft Visual Studio Solution File, Format Version 12.00
# Visual Studio 15
Project("{FAE04EC0-301F-11D3-BF4B-00C04F79EFBC}") = "DeviceTracker", "DeviceTracker\DeviceTracker.csproj", "{1A44167D-DA2A-4FD6-82C7-43DB2B95F677}"
EndProject
Global
	GlobalSection(SolutionConfigurationPlatforms) = preSolution
		Debug|Any CPU = Debug|Any CPU
		Release|Any CPU = Release|Any CPU
	EndGlobalSection
	GlobalSection(ProjectConfigurationPlatforms) = postSolution
		{1A44167D-DA2A-4FD6-82C7-43DB2B95F677}.Debug|Any CPU.ActiveCfg = Debug|Any CPU
		{1A44167D-DA2A-4FD6-82C7-43DB2B95F677}.Debug|Any CPU.Build.0 = Debug|Any CPU
		{1A44167D-DA2A-4FD6-82C7-43DB2B95F677}.Release|Any CPU.ActiveCfg = Release|Any CPU
		{1A44167D-DA2A-4FD6-82C7-43DB2B95F677}.Release|Any CPU.Build.0 = Release|Any CPU
	EndGlobalSection
EndGlobal
